// !$*UTF8*$!
{
	archiveVersion = 1;
	classes = {
	};
	objectVersion = 48;
	objects = {

/* Begin PBXBuildFile section */
		1D4AD515093E80C45FB3E108 /* Pods_SocialMedia.framework in Frameworks */ = {isa = PBXBuildFile; fileRef = 975837AD3283AD307D7F3FCC /* Pods_SocialMedia.framework */; };
		5E5CBE8E997440D114B961CE /* Pods_SocialMediaTests.framework in Frameworks */ = {isa = PBXBuildFile; fileRef = 66DDF7B174C83E2C589E3943 /* Pods_SocialMediaTests.framework */; };
		C13ACC6E1F8A933C001232F1 /* AppDelegate.swift in Sources */ = {isa = PBXBuildFile; fileRef = C13ACC6D1F8A933C001232F1 /* AppDelegate.swift */; };
		C13ACC701F8A933C001232F1 /* SignInVC.swift in Sources */ = {isa = PBXBuildFile; fileRef = C13ACC6F1F8A933C001232F1 /* SignInVC.swift */; };
		C13ACC731F8A933C001232F1 /* Main.storyboard in Resources */ = {isa = PBXBuildFile; fileRef = C13ACC711F8A933C001232F1 /* Main.storyboard */; };
		C13ACC751F8A933C001232F1 /* Assets.xcassets in Resources */ = {isa = PBXBuildFile; fileRef = C13ACC741F8A933C001232F1 /* Assets.xcassets */; };
		C13ACC781F8A933C001232F1 /* LaunchScreen.storyboard in Resources */ = {isa = PBXBuildFile; fileRef = C13ACC761F8A933C001232F1 /* LaunchScreen.storyboard */; };
		C13ACC831F8A933C001232F1 /* SocialMediaTests.swift in Sources */ = {isa = PBXBuildFile; fileRef = C13ACC821F8A933C001232F1 /* SocialMediaTests.swift */; };
		C13ACC8E1F8A933C001232F1 /* SocialMediaUITests.swift in Sources */ = {isa = PBXBuildFile; fileRef = C13ACC8D1F8A933C001232F1 /* SocialMediaUITests.swift */; };
		C13ACC9F1F8AAD3B001232F1 /* GoogleService-Info.plist in Resources */ = {isa = PBXBuildFile; fileRef = C13ACC9B1F8A949C001232F1 /* GoogleService-Info.plist */; };
		C13ACCA11F8AAF12001232F1 /* FancyView.swift in Sources */ = {isa = PBXBuildFile; fileRef = C13ACCA01F8AAF12001232F1 /* FancyView.swift */; };
		C13ACCA41F8AAFBC001232F1 /* Constants.swift in Sources */ = {isa = PBXBuildFile; fileRef = C13ACCA31F8AAFBC001232F1 /* Constants.swift */; };
		C13ACCA61F8B225C001232F1 /* RoundButton.swift in Sources */ = {isa = PBXBuildFile; fileRef = C13ACCA51F8B225C001232F1 /* RoundButton.swift */; };
		C13ACCA81F8B2490001232F1 /* FancyField.swift in Sources */ = {isa = PBXBuildFile; fileRef = C13ACCA71F8B2490001232F1 /* FancyField.swift */; };
		C13ACCAA1F8B25F7001232F1 /* FancyButton.swift in Sources */ = {isa = PBXBuildFile; fileRef = C13ACCA91F8B25F7001232F1 /* FancyButton.swift */; };
		C13ACCAB1F8C1E72001232F1 /* FBSDKCoreKit.framework in Frameworks */ = {isa = PBXBuildFile; fileRef = C13ACCAC1F8C1E72001232F1 /* FBSDKCoreKit.framework */; };
		C13ACCAD1F8C1E78001232F1 /* FBSDKLoginKit.framework in Frameworks */ = {isa = PBXBuildFile; fileRef = C13ACCAE1F8C1E78001232F1 /* FBSDKLoginKit.framework */; };
		C1CC67EE1F8EC6CA00A0CD28 /* FeedVC.swift in Sources */ = {isa = PBXBuildFile; fileRef = C1CC67ED1F8EC6CA00A0CD28 /* FeedVC.swift */; };
		C1CC67F01F8F2FA700A0CD28 /* CircleView.swift in Sources */ = {isa = PBXBuildFile; fileRef = C1CC67EF1F8F2FA700A0CD28 /* CircleView.swift */; };
		FF75C2E0B7CBA24E908FA218 /* Pods_SocialMediaUITests.framework in Frameworks */ = {isa = PBXBuildFile; fileRef = 329E713B60D6F6C413C374C7 /* Pods_SocialMediaUITests.framework */; };
/* End PBXBuildFile section */

/* Begin PBXContainerItemProxy section */
		C13ACC7F1F8A933C001232F1 /* PBXContainerItemProxy */ = {
			isa = PBXContainerItemProxy;
			containerPortal = C13ACC621F8A933C001232F1 /* Project object */;
			proxyType = 1;
			remoteGlobalIDString = C13ACC691F8A933C001232F1;
			remoteInfo = SocialMedia;
		};
		C13ACC8A1F8A933C001232F1 /* PBXContainerItemProxy */ = {
			isa = PBXContainerItemProxy;
			containerPortal = C13ACC621F8A933C001232F1 /* Project object */;
			proxyType = 1;
			remoteGlobalIDString = C13ACC691F8A933C001232F1;
			remoteInfo = SocialMedia;
		};
/* End PBXContainerItemProxy section */

/* Begin PBXFileReference section */
		329E713B60D6F6C413C374C7 /* Pods_SocialMediaUITests.framework */ = {isa = PBXFileReference; explicitFileType = wrapper.framework; includeInIndex = 0; path = Pods_SocialMediaUITests.framework; sourceTree = BUILT_PRODUCTS_DIR; };
		66DDF7B174C83E2C589E3943 /* Pods_SocialMediaTests.framework */ = {isa = PBXFileReference; explicitFileType = wrapper.framework; includeInIndex = 0; path = Pods_SocialMediaTests.framework; sourceTree = BUILT_PRODUCTS_DIR; };
		975837AD3283AD307D7F3FCC /* Pods_SocialMedia.framework */ = {isa = PBXFileReference; explicitFileType = wrapper.framework; includeInIndex = 0; path = Pods_SocialMedia.framework; sourceTree = BUILT_PRODUCTS_DIR; };
		B4E4761C4986CCDAB750B1B5 /* Pods-SocialMediaTests.release.xcconfig */ = {isa = PBXFileReference; includeInIndex = 1; lastKnownFileType = text.xcconfig; name = "Pods-SocialMediaTests.release.xcconfig"; path = "Pods/Target Support Files/Pods-SocialMediaTests/Pods-SocialMediaTests.release.xcconfig"; sourceTree = "<group>"; };
		C0A82EE78D49717434BACC66 /* Pods-SocialMedia.debug.xcconfig */ = {isa = PBXFileReference; includeInIndex = 1; lastKnownFileType = text.xcconfig; name = "Pods-SocialMedia.debug.xcconfig"; path = "Pods/Target Support Files/Pods-SocialMedia/Pods-SocialMedia.debug.xcconfig"; sourceTree = "<group>"; };
		C13ACC6A1F8A933C001232F1 /* SocialMedia.app */ = {isa = PBXFileReference; explicitFileType = wrapper.application; includeInIndex = 0; path = SocialMedia.app; sourceTree = BUILT_PRODUCTS_DIR; };
		C13ACC6D1F8A933C001232F1 /* AppDelegate.swift */ = {isa = PBXFileReference; lastKnownFileType = sourcecode.swift; path = AppDelegate.swift; sourceTree = "<group>"; };
		C13ACC6F1F8A933C001232F1 /* SignInVC.swift */ = {isa = PBXFileReference; lastKnownFileType = sourcecode.swift; path = SignInVC.swift; sourceTree = "<group>"; };
		C13ACC721F8A933C001232F1 /* Base */ = {isa = PBXFileReference; lastKnownFileType = file.storyboard; name = Base; path = Base.lproj/Main.storyboard; sourceTree = "<group>"; };
		C13ACC741F8A933C001232F1 /* Assets.xcassets */ = {isa = PBXFileReference; lastKnownFileType = folder.assetcatalog; path = Assets.xcassets; sourceTree = "<group>"; };
		C13ACC771F8A933C001232F1 /* Base */ = {isa = PBXFileReference; lastKnownFileType = file.storyboard; name = Base; path = Base.lproj/LaunchScreen.storyboard; sourceTree = "<group>"; };
		C13ACC791F8A933C001232F1 /* Info.plist */ = {isa = PBXFileReference; lastKnownFileType = text.plist.xml; path = Info.plist; sourceTree = "<group>"; };
		C13ACC7E1F8A933C001232F1 /* SocialMediaTests.xctest */ = {isa = PBXFileReference; explicitFileType = wrapper.cfbundle; includeInIndex = 0; path = SocialMediaTests.xctest; sourceTree = BUILT_PRODUCTS_DIR; };
		C13ACC821F8A933C001232F1 /* SocialMediaTests.swift */ = {isa = PBXFileReference; lastKnownFileType = sourcecode.swift; path = SocialMediaTests.swift; sourceTree = "<group>"; };
		C13ACC841F8A933C001232F1 /* Info.plist */ = {isa = PBXFileReference; lastKnownFileType = text.plist.xml; path = Info.plist; sourceTree = "<group>"; };
		C13ACC891F8A933C001232F1 /* SocialMediaUITests.xctest */ = {isa = PBXFileReference; explicitFileType = wrapper.cfbundle; includeInIndex = 0; path = SocialMediaUITests.xctest; sourceTree = BUILT_PRODUCTS_DIR; };
		C13ACC8D1F8A933C001232F1 /* SocialMediaUITests.swift */ = {isa = PBXFileReference; lastKnownFileType = sourcecode.swift; path = SocialMediaUITests.swift; sourceTree = "<group>"; };
		C13ACC8F1F8A933C001232F1 /* Info.plist */ = {isa = PBXFileReference; lastKnownFileType = text.plist.xml; path = Info.plist; sourceTree = "<group>"; };
		C13ACC9B1F8A949C001232F1 /* GoogleService-Info.plist */ = {isa = PBXFileReference; lastKnownFileType = text.plist.xml; path = "GoogleService-Info.plist"; sourceTree = "<group>"; };
		C13ACCA01F8AAF12001232F1 /* FancyView.swift */ = {isa = PBXFileReference; lastKnownFileType = sourcecode.swift; path = FancyView.swift; sourceTree = "<group>"; };
		C13ACCA31F8AAFBC001232F1 /* Constants.swift */ = {isa = PBXFileReference; lastKnownFileType = sourcecode.swift; path = Constants.swift; sourceTree = "<group>"; };
		C13ACCA51F8B225C001232F1 /* RoundButton.swift */ = {isa = PBXFileReference; lastKnownFileType = sourcecode.swift; path = RoundButton.swift; sourceTree = "<group>"; };
		C13ACCA71F8B2490001232F1 /* FancyField.swift */ = {isa = PBXFileReference; lastKnownFileType = sourcecode.swift; path = FancyField.swift; sourceTree = "<group>"; };
		C13ACCA91F8B25F7001232F1 /* FancyButton.swift */ = {isa = PBXFileReference; lastKnownFileType = sourcecode.swift; path = FancyButton.swift; sourceTree = "<group>"; };
		C13ACCAC1F8C1E72001232F1 /* FBSDKCoreKit.framework */ = {isa = PBXFileReference; explicitFileType = wrapper.framework; path = FBSDKCoreKit.framework; sourceTree = BUILT_PRODUCTS_DIR; };
		C13ACCAE1F8C1E78001232F1 /* FBSDKLoginKit.framework */ = {isa = PBXFileReference; explicitFileType = wrapper.framework; path = FBSDKLoginKit.framework; sourceTree = BUILT_PRODUCTS_DIR; };
		C1CC67ED1F8EC6CA00A0CD28 /* FeedVC.swift */ = {isa = PBXFileReference; lastKnownFileType = sourcecode.swift; path = FeedVC.swift; sourceTree = "<group>"; };
		C1CC67EF1F8F2FA700A0CD28 /* CircleView.swift */ = {isa = PBXFileReference; lastKnownFileType = sourcecode.swift; path = CircleView.swift; sourceTree = "<group>"; };
		D7F2F417149705B5E9766FD8 /* Pods-SocialMediaTests.debug.xcconfig */ = {isa = PBXFileReference; includeInIndex = 1; lastKnownFileType = text.xcconfig; name = "Pods-SocialMediaTests.debug.xcconfig"; path = "Pods/Target Support Files/Pods-SocialMediaTests/Pods-SocialMediaTests.debug.xcconfig"; sourceTree = "<group>"; };
		D8FEDE23F830EDBA7222E514 /* Pods-SocialMediaUITests.release.xcconfig */ = {isa = PBXFileReference; includeInIndex = 1; lastKnownFileType = text.xcconfig; name = "Pods-SocialMediaUITests.release.xcconfig"; path = "Pods/Target Support Files/Pods-SocialMediaUITests/Pods-SocialMediaUITests.release.xcconfig"; sourceTree = "<group>"; };
		D973A86BDCFD2B038A03CCBD /* Pods-SocialMedia.release.xcconfig */ = {isa = PBXFileReference; includeInIndex = 1; lastKnownFileType = text.xcconfig; name = "Pods-SocialMedia.release.xcconfig"; path = "Pods/Target Support Files/Pods-SocialMedia/Pods-SocialMedia.release.xcconfig"; sourceTree = "<group>"; };
		DD324846165889C66207A41F /* Pods-SocialMediaUITests.debug.xcconfig */ = {isa = PBXFileReference; includeInIndex = 1; lastKnownFileType = text.xcconfig; name = "Pods-SocialMediaUITests.debug.xcconfig"; path = "Pods/Target Support Files/Pods-SocialMediaUITests/Pods-SocialMediaUITests.debug.xcconfig"; sourceTree = "<group>"; };
/* End PBXFileReference section */

/* Begin PBXFrameworksBuildPhase section */
		C13ACC671F8A933C001232F1 /* Frameworks */ = {
			isa = PBXFrameworksBuildPhase;
			buildActionMask = 2147483647;
			files = (
				C13ACCAD1F8C1E78001232F1 /* FBSDKLoginKit.framework in Frameworks */,
				C13ACCAB1F8C1E72001232F1 /* FBSDKCoreKit.framework in Frameworks */,
				1D4AD515093E80C45FB3E108 /* Pods_SocialMedia.framework in Frameworks */,
			);
			runOnlyForDeploymentPostprocessing = 0;
		};
		C13ACC7B1F8A933C001232F1 /* Frameworks */ = {
			isa = PBXFrameworksBuildPhase;
			buildActionMask = 2147483647;
			files = (
				5E5CBE8E997440D114B961CE /* Pods_SocialMediaTests.framework in Frameworks */,
			);
			runOnlyForDeploymentPostprocessing = 0;
		};
		C13ACC861F8A933C001232F1 /* Frameworks */ = {
			isa = PBXFrameworksBuildPhase;
			buildActionMask = 2147483647;
			files = (
				FF75C2E0B7CBA24E908FA218 /* Pods_SocialMediaUITests.framework in Frameworks */,
			);
			runOnlyForDeploymentPostprocessing = 0;
		};
/* End PBXFrameworksBuildPhase section */

/* Begin PBXGroup section */
		B2F152D326635A9220FDEBFA /* Frameworks */ = {
			isa = PBXGroup;
			children = (
				C13ACCAE1F8C1E78001232F1 /* FBSDKLoginKit.framework */,
				C13ACCAC1F8C1E72001232F1 /* FBSDKCoreKit.framework */,
				975837AD3283AD307D7F3FCC /* Pods_SocialMedia.framework */,
				66DDF7B174C83E2C589E3943 /* Pods_SocialMediaTests.framework */,
				329E713B60D6F6C413C374C7 /* Pods_SocialMediaUITests.framework */,
			);
			name = Frameworks;
			sourceTree = "<group>";
		};
		BD6EC80D9FA7DEA939013725 /* Pods */ = {
			isa = PBXGroup;
			children = (
				C0A82EE78D49717434BACC66 /* Pods-SocialMedia.debug.xcconfig */,
				D973A86BDCFD2B038A03CCBD /* Pods-SocialMedia.release.xcconfig */,
				D7F2F417149705B5E9766FD8 /* Pods-SocialMediaTests.debug.xcconfig */,
				B4E4761C4986CCDAB750B1B5 /* Pods-SocialMediaTests.release.xcconfig */,
				DD324846165889C66207A41F /* Pods-SocialMediaUITests.debug.xcconfig */,
				D8FEDE23F830EDBA7222E514 /* Pods-SocialMediaUITests.release.xcconfig */,
			);
			name = Pods;
			sourceTree = "<group>";
		};
		C13ACC611F8A933C001232F1 = {
			isa = PBXGroup;
			children = (
				C13ACC6C1F8A933C001232F1 /* SocialMedia */,
				C13ACC811F8A933C001232F1 /* SocialMediaTests */,
				C13ACC8C1F8A933C001232F1 /* SocialMediaUITests */,
				C13ACC6B1F8A933C001232F1 /* Products */,
				BD6EC80D9FA7DEA939013725 /* Pods */,
				B2F152D326635A9220FDEBFA /* Frameworks */,
			);
			sourceTree = "<group>";
		};
		C13ACC6B1F8A933C001232F1 /* Products */ = {
			isa = PBXGroup;
			children = (
				C13ACC6A1F8A933C001232F1 /* SocialMedia.app */,
				C13ACC7E1F8A933C001232F1 /* SocialMediaTests.xctest */,
				C13ACC891F8A933C001232F1 /* SocialMediaUITests.xctest */,
			);
			name = Products;
			sourceTree = "<group>";
		};
		C13ACC6C1F8A933C001232F1 /* SocialMedia */ = {
			isa = PBXGroup;
			children = (
				C13ACCA21F8AAFAE001232F1 /* Util */,
				C13ACC9E1F8A972C001232F1 /* Controller */,
				C13ACC9D1F8A9729001232F1 /* View */,
				C13ACC9C1F8A9725001232F1 /* Model */,
				C13ACC6D1F8A933C001232F1 /* AppDelegate.swift */,
				C13ACC711F8A933C001232F1 /* Main.storyboard */,
				C13ACC741F8A933C001232F1 /* Assets.xcassets */,
				C13ACC761F8A933C001232F1 /* LaunchScreen.storyboard */,
				C13ACC791F8A933C001232F1 /* Info.plist */,
				C13ACC9B1F8A949C001232F1 /* GoogleService-Info.plist */,
			);
			path = SocialMedia;
			sourceTree = "<group>";
		};
		C13ACC811F8A933C001232F1 /* SocialMediaTests */ = {
			isa = PBXGroup;
			children = (
				C13ACC821F8A933C001232F1 /* SocialMediaTests.swift */,
				C13ACC841F8A933C001232F1 /* Info.plist */,
			);
			path = SocialMediaTests;
			sourceTree = "<group>";
		};
		C13ACC8C1F8A933C001232F1 /* SocialMediaUITests */ = {
			isa = PBXGroup;
			children = (
				C13ACC8D1F8A933C001232F1 /* SocialMediaUITests.swift */,
				C13ACC8F1F8A933C001232F1 /* Info.plist */,
			);
			path = SocialMediaUITests;
			sourceTree = "<group>";
		};
		C13ACC9C1F8A9725001232F1 /* Model */ = {
			isa = PBXGroup;
			children = (
			);
			path = Model;
			sourceTree = "<group>";
		};
		C13ACC9D1F8A9729001232F1 /* View */ = {
			isa = PBXGroup;
			children = (
				C13ACCA01F8AAF12001232F1 /* FancyView.swift */,
				C13ACCA51F8B225C001232F1 /* RoundButton.swift */,
				C13ACCA71F8B2490001232F1 /* FancyField.swift */,
				C13ACCA91F8B25F7001232F1 /* FancyButton.swift */,
				C1CC67EF1F8F2FA700A0CD28 /* CircleView.swift */,
			);
			path = View;
			sourceTree = "<group>";
		};
		C13ACC9E1F8A972C001232F1 /* Controller */ = {
			isa = PBXGroup;
			children = (
				C13ACC6F1F8A933C001232F1 /* SignInVC.swift */,
				C1CC67ED1F8EC6CA00A0CD28 /* FeedVC.swift */,
			);
			path = Controller;
			sourceTree = "<group>";
		};
		C13ACCA21F8AAFAE001232F1 /* Util */ = {
			isa = PBXGroup;
			children = (
				C13ACCA31F8AAFBC001232F1 /* Constants.swift */,
			);
			path = Util;
			sourceTree = "<group>";
		};
/* End PBXGroup section */

/* Begin PBXNativeTarget section */
		C13ACC691F8A933C001232F1 /* SocialMedia */ = {
			isa = PBXNativeTarget;
			buildConfigurationList = C13ACC921F8A933C001232F1 /* Build configuration list for PBXNativeTarget "SocialMedia" */;
			buildPhases = (
				866B973155E6B58E7B93E7BA /* [CP] Check Pods Manifest.lock */,
				C13ACC661F8A933C001232F1 /* Sources */,
				C13ACC671F8A933C001232F1 /* Frameworks */,
				C13ACC681F8A933C001232F1 /* Resources */,
				C5E2AF31222EFAB3B22673FF /* [CP] Embed Pods Frameworks */,
				51F01F46EFFFD13E0F5E33AE /* [CP] Copy Pods Resources */,
			);
			buildRules = (
			);
			dependencies = (
			);
			name = SocialMedia;
			productName = SocialMedia;
			productReference = C13ACC6A1F8A933C001232F1 /* SocialMedia.app */;
			productType = "com.apple.product-type.application";
		};
		C13ACC7D1F8A933C001232F1 /* SocialMediaTests */ = {
			isa = PBXNativeTarget;
			buildConfigurationList = C13ACC951F8A933C001232F1 /* Build configuration list for PBXNativeTarget "SocialMediaTests" */;
			buildPhases = (
				50B52009120C1734CBFF5868 /* [CP] Check Pods Manifest.lock */,
				C13ACC7A1F8A933C001232F1 /* Sources */,
				C13ACC7B1F8A933C001232F1 /* Frameworks */,
				C13ACC7C1F8A933C001232F1 /* Resources */,
				2306A165FC758F6D6E071845 /* [CP] Embed Pods Frameworks */,
				03DE7DC134522B751C95A54D /* [CP] Copy Pods Resources */,
			);
			buildRules = (
			);
			dependencies = (
				C13ACC801F8A933C001232F1 /* PBXTargetDependency */,
			);
			name = SocialMediaTests;
			productName = SocialMediaTests;
			productReference = C13ACC7E1F8A933C001232F1 /* SocialMediaTests.xctest */;
			productType = "com.apple.product-type.bundle.unit-test";
		};
		C13ACC881F8A933C001232F1 /* SocialMediaUITests */ = {
			isa = PBXNativeTarget;
			buildConfigurationList = C13ACC981F8A933C001232F1 /* Build configuration list for PBXNativeTarget "SocialMediaUITests" */;
			buildPhases = (
				C9F66A8278763B93F0229DA2 /* [CP] Check Pods Manifest.lock */,
				C13ACC851F8A933C001232F1 /* Sources */,
				C13ACC861F8A933C001232F1 /* Frameworks */,
				C13ACC871F8A933C001232F1 /* Resources */,
				F70167AAEA5C637F0AF047D3 /* [CP] Embed Pods Frameworks */,
				BB0623306FEAD9BB5F996CB2 /* [CP] Copy Pods Resources */,
			);
			buildRules = (
			);
			dependencies = (
				C13ACC8B1F8A933C001232F1 /* PBXTargetDependency */,
			);
			name = SocialMediaUITests;
			productName = SocialMediaUITests;
			productReference = C13ACC891F8A933C001232F1 /* SocialMediaUITests.xctest */;
			productType = "com.apple.product-type.bundle.ui-testing";
		};
/* End PBXNativeTarget section */

/* Begin PBXProject section */
		C13ACC621F8A933C001232F1 /* Project object */ = {
			isa = PBXProject;
			attributes = {
				LastSwiftUpdateCheck = 0900;
				LastUpgradeCheck = 0900;
				ORGANIZATIONNAME = "Joseph  Ishak";
				TargetAttributes = {
					C13ACC691F8A933C001232F1 = {
						CreatedOnToolsVersion = 9.0;
						ProvisioningStyle = Automatic;
					};
					C13ACC7D1F8A933C001232F1 = {
						CreatedOnToolsVersion = 9.0;
						ProvisioningStyle = Automatic;
						TestTargetID = C13ACC691F8A933C001232F1;
					};
					C13ACC881F8A933C001232F1 = {
						CreatedOnToolsVersion = 9.0;
						ProvisioningStyle = Automatic;
						TestTargetID = C13ACC691F8A933C001232F1;
					};
				};
			};
			buildConfigurationList = C13ACC651F8A933C001232F1 /* Build configuration list for PBXProject "SocialMedia" */;
			compatibilityVersion = "Xcode 8.0";
			developmentRegion = en;
			hasScannedForEncodings = 0;
			knownRegions = (
				en,
				Base,
			);
			mainGroup = C13ACC611F8A933C001232F1;
			productRefGroup = C13ACC6B1F8A933C001232F1 /* Products */;
			projectDirPath = "";
			projectRoot = "";
			targets = (
				C13ACC691F8A933C001232F1 /* SocialMedia */,
				C13ACC7D1F8A933C001232F1 /* SocialMediaTests */,
				C13ACC881F8A933C001232F1 /* SocialMediaUITests */,
			);
		};
/* End PBXProject section */

/* Begin PBXResourcesBuildPhase section */
		C13ACC681F8A933C001232F1 /* Resources */ = {
			isa = PBXResourcesBuildPhase;
			buildActionMask = 2147483647;
			files = (
				C13ACC781F8A933C001232F1 /* LaunchScreen.storyboard in Resources */,
				C13ACC9F1F8AAD3B001232F1 /* GoogleService-Info.plist in Resources */,
				C13ACC751F8A933C001232F1 /* Assets.xcassets in Resources */,
				C13ACC731F8A933C001232F1 /* Main.storyboard in Resources */,
			);
			runOnlyForDeploymentPostprocessing = 0;
		};
		C13ACC7C1F8A933C001232F1 /* Resources */ = {
			isa = PBXResourcesBuildPhase;
			buildActionMask = 2147483647;
			files = (
			);
			runOnlyForDeploymentPostprocessing = 0;
		};
		C13ACC871F8A933C001232F1 /* Resources */ = {
			isa = PBXResourcesBuildPhase;
			buildActionMask = 2147483647;
			files = (
			);
			runOnlyForDeploymentPostprocessing = 0;
		};
/* End PBXResourcesBuildPhase section */

/* Begin PBXShellScriptBuildPhase section */
		03DE7DC134522B751C95A54D /* [CP] Copy Pods Resources */ = {
			isa = PBXShellScriptBuildPhase;
			buildActionMask = 2147483647;
			files = (
			);
			inputPaths = (
			);
			name = "[CP] Copy Pods Resources";
			outputPaths = (
			);
			runOnlyForDeploymentPostprocessing = 0;
			shellPath = /bin/sh;
			shellScript = "\"${SRCROOT}/Pods/Target Support Files/Pods-SocialMediaTests/Pods-SocialMediaTests-resources.sh\"\n";
			showEnvVarsInLog = 0;
		};
		2306A165FC758F6D6E071845 /* [CP] Embed Pods Frameworks */ = {
			isa = PBXShellScriptBuildPhase;
			buildActionMask = 2147483647;
			files = (
			);
			inputPaths = (
			);
			name = "[CP] Embed Pods Frameworks";
			outputPaths = (
			);
			runOnlyForDeploymentPostprocessing = 0;
			shellPath = /bin/sh;
			shellScript = "\"${SRCROOT}/Pods/Target Support Files/Pods-SocialMediaTests/Pods-SocialMediaTests-frameworks.sh\"\n";
			showEnvVarsInLog = 0;
		};
		50B52009120C1734CBFF5868 /* [CP] Check Pods Manifest.lock */ = {
			isa = PBXShellScriptBuildPhase;
			buildActionMask = 2147483647;
			files = (
			);
			inputPaths = (
				"${PODS_PODFILE_DIR_PATH}/Podfile.lock",
				"${PODS_ROOT}/Manifest.lock",
			);
			name = "[CP] Check Pods Manifest.lock";
			outputPaths = (
				"$(DERIVED_FILE_DIR)/Pods-SocialMediaTests-checkManifestLockResult.txt",
			);
			runOnlyForDeploymentPostprocessing = 0;
			shellPath = /bin/sh;
			shellScript = "diff \"${PODS_PODFILE_DIR_PATH}/Podfile.lock\" \"${PODS_ROOT}/Manifest.lock\" > /dev/null\nif [ $? != 0 ] ; then\n    # print error to STDERR\n    echo \"error: The sandbox is not in sync with the Podfile.lock. Run 'pod install' or update your CocoaPods installation.\" >&2\n    exit 1\nfi\n# This output is used by Xcode 'outputs' to avoid re-running this script phase.\necho \"SUCCESS\" > \"${SCRIPT_OUTPUT_FILE_0}\"\n";
			showEnvVarsInLog = 0;
		};
		51F01F46EFFFD13E0F5E33AE /* [CP] Copy Pods Resources */ = {
			isa = PBXShellScriptBuildPhase;
			buildActionMask = 2147483647;
			files = (
			);
			inputPaths = (
			);
			name = "[CP] Copy Pods Resources";
			outputPaths = (
			);
			runOnlyForDeploymentPostprocessing = 0;
			shellPath = /bin/sh;
			shellScript = "\"${SRCROOT}/Pods/Target Support Files/Pods-SocialMedia/Pods-SocialMedia-resources.sh\"\n";
			showEnvVarsInLog = 0;
		};
		866B973155E6B58E7B93E7BA /* [CP] Check Pods Manifest.lock */ = {
			isa = PBXShellScriptBuildPhase;
			buildActionMask = 2147483647;
			files = (
			);
			inputPaths = (
				"${PODS_PODFILE_DIR_PATH}/Podfile.lock",
				"${PODS_ROOT}/Manifest.lock",
			);
			name = "[CP] Check Pods Manifest.lock";
			outputPaths = (
				"$(DERIVED_FILE_DIR)/Pods-SocialMedia-checkManifestLockResult.txt",
			);
			runOnlyForDeploymentPostprocessing = 0;
			shellPath = /bin/sh;
			shellScript = "diff \"${PODS_PODFILE_DIR_PATH}/Podfile.lock\" \"${PODS_ROOT}/Manifest.lock\" > /dev/null\nif [ $? != 0 ] ; then\n    # print error to STDERR\n    echo \"error: The sandbox is not in sync with the Podfile.lock. Run 'pod install' or update your CocoaPods installation.\" >&2\n    exit 1\nfi\n# This output is used by Xcode 'outputs' to avoid re-running this script phase.\necho \"SUCCESS\" > \"${SCRIPT_OUTPUT_FILE_0}\"\n";
			showEnvVarsInLog = 0;
		};
		BB0623306FEAD9BB5F996CB2 /* [CP] Copy Pods Resources */ = {
			isa = PBXShellScriptBuildPhase;
			buildActionMask = 2147483647;
			files = (
			);
			inputPaths = (
			);
			name = "[CP] Copy Pods Resources";
			outputPaths = (
			);
			runOnlyForDeploymentPostprocessing = 0;
			shellPath = /bin/sh;
			shellScript = "\"${SRCROOT}/Pods/Target Support Files/Pods-SocialMediaUITests/Pods-SocialMediaUITests-resources.sh\"\n";
			showEnvVarsInLog = 0;
		};
		C5E2AF31222EFAB3B22673FF /* [CP] Embed Pods Frameworks */ = {
			isa = PBXShellScriptBuildPhase;
			buildActionMask = 2147483647;
			files = (
			);
			inputPaths = (
				"${SRCROOT}/Pods/Target Support Files/Pods-SocialMedia/Pods-SocialMedia-frameworks.sh",
				"${BUILT_PRODUCTS_DIR}/Bolts/Bolts.framework",
				"${BUILT_PRODUCTS_DIR}/FBSDKCoreKit/FBSDKCoreKit.framework",
				"${BUILT_PRODUCTS_DIR}/FBSDKLoginKit/FBSDKLoginKit.framework",
				"${BUILT_PRODUCTS_DIR}/GTMSessionFetcher/GTMSessionFetcher.framework",
				"${BUILT_PRODUCTS_DIR}/GoogleToolboxForMac/GoogleToolboxForMac.framework",
				"${BUILT_PRODUCTS_DIR}/SwiftKeychainWrapper/SwiftKeychainWrapper.framework",
				"${BUILT_PRODUCTS_DIR}/leveldb-library/leveldb.framework",
				"${BUILT_PRODUCTS_DIR}/nanopb/nanopb.framework",
			);
			name = "[CP] Embed Pods Frameworks";
			outputPaths = (
				"${TARGET_BUILD_DIR}/${FRAMEWORKS_FOLDER_PATH}/Bolts.framework",
				"${TARGET_BUILD_DIR}/${FRAMEWORKS_FOLDER_PATH}/FBSDKCoreKit.framework",
				"${TARGET_BUILD_DIR}/${FRAMEWORKS_FOLDER_PATH}/FBSDKLoginKit.framework",
				"${TARGET_BUILD_DIR}/${FRAMEWORKS_FOLDER_PATH}/GTMSessionFetcher.framework",
				"${TARGET_BUILD_DIR}/${FRAMEWORKS_FOLDER_PATH}/GoogleToolboxForMac.framework",
				"${TARGET_BUILD_DIR}/${FRAMEWORKS_FOLDER_PATH}/SwiftKeychainWrapper.framework",
				"${TARGET_BUILD_DIR}/${FRAMEWORKS_FOLDER_PATH}/leveldb.framework",
				"${TARGET_BUILD_DIR}/${FRAMEWORKS_FOLDER_PATH}/nanopb.framework",
			);
			runOnlyForDeploymentPostprocessing = 0;
			shellPath = /bin/sh;
			shellScript = "\"${SRCROOT}/Pods/Target Support Files/Pods-SocialMedia/Pods-SocialMedia-frameworks.sh\"\n";
			showEnvVarsInLog = 0;
		};
		C9F66A8278763B93F0229DA2 /* [CP] Check Pods Manifest.lock */ = {
			isa = PBXShellScriptBuildPhase;
			buildActionMask = 2147483647;
			files = (
			);
			inputPaths = (
				"${PODS_PODFILE_DIR_PATH}/Podfile.lock",
				"${PODS_ROOT}/Manifest.lock",
			);
			name = "[CP] Check Pods Manifest.lock";
			outputPaths = (
				"$(DERIVED_FILE_DIR)/Pods-SocialMediaUITests-checkManifestLockResult.txt",
			);
			runOnlyForDeploymentPostprocessing = 0;
			shellPath = /bin/sh;
			shellScript = "diff \"${PODS_PODFILE_DIR_PATH}/Podfile.lock\" \"${PODS_ROOT}/Manifest.lock\" > /dev/null\nif [ $? != 0 ] ; then\n    # print error to STDERR\n    echo \"error: The sandbox is not in sync with the Podfile.lock. Run 'pod install' or update your CocoaPods installation.\" >&2\n    exit 1\nfi\n# This output is used by Xcode 'outputs' to avoid re-running this script phase.\necho \"SUCCESS\" > \"${SCRIPT_OUTPUT_FILE_0}\"\n";
			showEnvVarsInLog = 0;
		};
		F70167AAEA5C637F0AF047D3 /* [CP] Embed Pods Frameworks */ = {
			isa = PBXShellScriptBuildPhase;
			buildActionMask = 2147483647;
			files = (
			);
			inputPaths = (
			);
			name = "[CP] Embed Pods Frameworks";
			outputPaths = (
			);
			runOnlyForDeploymentPostprocessing = 0;
			shellPath = /bin/sh;
			shellScript = "\"${SRCROOT}/Pods/Target Support Files/Pods-SocialMediaUITests/Pods-SocialMediaUITests-frameworks.sh\"\n";
			showEnvVarsInLog = 0;
		};
/* End PBXShellScriptBuildPhase section */

/* Begin PBXSourcesBuildPhase section */
		C13ACC661F8A933C001232F1 /* Sources */ = {
			isa = PBXSourcesBuildPhase;
			buildActionMask = 2147483647;
			files = (
				C1CC67F01F8F2FA700A0CD28 /* CircleView.swift in Sources */,
				C13ACCA81F8B2490001232F1 /* FancyField.swift in Sources */,
				C13ACC701F8A933C001232F1 /* SignInVC.swift in Sources */,
				C13ACCA61F8B225C001232F1 /* RoundButton.swift in Sources */,
				C13ACCAA1F8B25F7001232F1 /* FancyButton.swift in Sources */,
				C1CC67EE1F8EC6CA00A0CD28 /* FeedVC.swift in Sources */,
				C13ACC6E1F8A933C001232F1 /* AppDelegate.swift in Sources */,
				C13ACCA11F8AAF12001232F1 /* FancyView.swift in Sources */,
				C13ACCA41F8AAFBC001232F1 /* Constants.swift in Sources */,
			);
			runOnlyForDeploymentPostprocessing = 0;
		};
		C13ACC7A1F8A933C001232F1 /* Sources */ = {
			isa = PBXSourcesBuildPhase;
			buildActionMask = 2147483647;
			files = (
				C13ACC831F8A933C001232F1 /* SocialMediaTests.swift in Sources */,
			);
			runOnlyForDeploymentPostprocessing = 0;
		};
		C13ACC851F8A933C001232F1 /* Sources */ = {
			isa = PBXSourcesBuildPhase;
			buildActionMask = 2147483647;
			files = (
				C13ACC8E1F8A933C001232F1 /* SocialMediaUITests.swift in Sources */,
			);
			runOnlyForDeploymentPostprocessing = 0;
		};
/* End PBXSourcesBuildPhase section */

/* Begin PBXTargetDependency section */
		C13ACC801F8A933C001232F1 /* PBXTargetDependency */ = {
			isa = PBXTargetDependency;
			target = C13ACC691F8A933C001232F1 /* SocialMedia */;
			targetProxy = C13ACC7F1F8A933C001232F1 /* PBXContainerItemProxy */;
		};
		C13ACC8B1F8A933C001232F1 /* PBXTargetDependency */ = {
			isa = PBXTargetDependency;
			target = C13ACC691F8A933C001232F1 /* SocialMedia */;
			targetProxy = C13ACC8A1F8A933C001232F1 /* PBXContainerItemProxy */;
		};
/* End PBXTargetDependency section */

/* Begin PBXVariantGroup section */
		C13ACC711F8A933C001232F1 /* Main.storyboard */ = {
			isa = PBXVariantGroup;
			children = (
				C13ACC721F8A933C001232F1 /* Base */,
			);
			name = Main.storyboard;
			sourceTree = "<group>";
		};
		C13ACC761F8A933C001232F1 /* LaunchScreen.storyboard */ = {
			isa = PBXVariantGroup;
			children = (
				C13ACC771F8A933C001232F1 /* Base */,
			);
			name = LaunchScreen.storyboard;
			sourceTree = "<group>";
		};
/* End PBXVariantGroup section */

/* Begin XCBuildConfiguration section */
		C13ACC901F8A933C001232F1 /* Debug */ = {
			isa = XCBuildConfiguration;
			buildSettings = {
				ALWAYS_SEARCH_USER_PATHS = NO;
				CLANG_ANALYZER_NONNULL = YES;
				CLANG_ANALYZER_NUMBER_OBJECT_CONVERSION = YES_AGGRESSIVE;
				CLANG_CXX_LANGUAGE_STANDARD = "gnu++14";
				CLANG_CXX_LIBRARY = "libc++";
				CLANG_ENABLE_MODULES = YES;
				CLANG_ENABLE_OBJC_ARC = YES;
				CLANG_WARN_BLOCK_CAPTURE_AUTORELEASING = YES;
				CLANG_WARN_BOOL_CONVERSION = YES;
				CLANG_WARN_COMMA = YES;
				CLANG_WARN_CONSTANT_CONVERSION = YES;
				CLANG_WARN_DIRECT_OBJC_ISA_USAGE = YES_ERROR;
				CLANG_WARN_DOCUMENTATION_COMMENTS = YES;
				CLANG_WARN_EMPTY_BODY = YES;
				CLANG_WARN_ENUM_CONVERSION = YES;
				CLANG_WARN_INFINITE_RECURSION = YES;
				CLANG_WARN_INT_CONVERSION = YES;
				CLANG_WARN_NON_LITERAL_NULL_CONVERSION = YES;
				CLANG_WARN_OBJC_LITERAL_CONVERSION = YES;
				CLANG_WARN_OBJC_ROOT_CLASS = YES_ERROR;
				CLANG_WARN_RANGE_LOOP_ANALYSIS = YES;
				CLANG_WARN_STRICT_PROTOTYPES = YES;
				CLANG_WARN_SUSPICIOUS_MOVE = YES;
				CLANG_WARN_UNGUARDED_AVAILABILITY = YES_AGGRESSIVE;
				CLANG_WARN_UNREACHABLE_CODE = YES;
				CLANG_WARN__DUPLICATE_METHOD_MATCH = YES;
				CODE_SIGN_IDENTITY = "iPhone Developer";
				COPY_PHASE_STRIP = NO;
				DEBUG_INFORMATION_FORMAT = dwarf;
				ENABLE_STRICT_OBJC_MSGSEND = YES;
				ENABLE_TESTABILITY = YES;
				GCC_C_LANGUAGE_STANDARD = gnu11;
				GCC_DYNAMIC_NO_PIC = NO;
				GCC_NO_COMMON_BLOCKS = YES;
				GCC_OPTIMIZATION_LEVEL = 0;
				GCC_PREPROCESSOR_DEFINITIONS = (
					"DEBUG=1",
					"$(inherited)",
				);
				GCC_WARN_64_TO_32_BIT_CONVERSION = YES;
				GCC_WARN_ABOUT_RETURN_TYPE = YES_ERROR;
				GCC_WARN_UNDECLARED_SELECTOR = YES;
				GCC_WARN_UNINITIALIZED_AUTOS = YES_AGGRESSIVE;
				GCC_WARN_UNUSED_FUNCTION = YES;
				GCC_WARN_UNUSED_VARIABLE = YES;
				IPHONEOS_DEPLOYMENT_TARGET = 11.0;
				MTL_ENABLE_DEBUG_INFO = YES;
				ONLY_ACTIVE_ARCH = YES;
				SDKROOT = iphoneos;
				SWIFT_ACTIVE_COMPILATION_CONDITIONS = DEBUG;
				SWIFT_OPTIMIZATION_LEVEL = "-Onone";
			};
			name = Debug;
		};
		C13ACC911F8A933C001232F1 /* Release */ = {
			isa = XCBuildConfiguration;
			buildSettings = {
				ALWAYS_SEARCH_USER_PATHS = NO;
				CLANG_ANALYZER_NONNULL = YES;
				CLANG_ANALYZER_NUMBER_OBJECT_CONVERSION = YES_AGGRESSIVE;
				CLANG_CXX_LANGUAGE_STANDARD = "gnu++14";
				CLANG_CXX_LIBRARY = "libc++";
				CLANG_ENABLE_MODULES = YES;
				CLANG_ENABLE_OBJC_ARC = YES;
				CLANG_WARN_BLOCK_CAPTURE_AUTORELEASING = YES;
				CLANG_WARN_BOOL_CONVERSION = YES;
				CLANG_WARN_COMMA = YES;
				CLANG_WARN_CONSTANT_CONVERSION = YES;
				CLANG_WARN_DIRECT_OBJC_ISA_USAGE = YES_ERROR;
				CLANG_WARN_DOCUMENTATION_COMMENTS = YES;
				CLANG_WARN_EMPTY_BODY = YES;
				CLANG_WARN_ENUM_CONVERSION = YES;
				CLANG_WARN_INFINITE_RECURSION = YES;
				CLANG_WARN_INT_CONVERSION = YES;
				CLANG_WARN_NON_LITERAL_NULL_CONVERSION = YES;
				CLANG_WARN_OBJC_LITERAL_CONVERSION = YES;
				CLANG_WARN_OBJC_ROOT_CLASS = YES_ERROR;
				CLANG_WARN_RANGE_LOOP_ANALYSIS = YES;
				CLANG_WARN_STRICT_PROTOTYPES = YES;
				CLANG_WARN_SUSPICIOUS_MOVE = YES;
				CLANG_WARN_UNGUARDED_AVAILABILITY = YES_AGGRESSIVE;
				CLANG_WARN_UNREACHABLE_CODE = YES;
				CLANG_WARN__DUPLICATE_METHOD_MATCH = YES;
				CODE_SIGN_IDENTITY = "iPhone Developer";
				COPY_PHASE_STRIP = NO;
				DEBUG_INFORMATION_FORMAT = "dwarf-with-dsym";
				ENABLE_NS_ASSERTIONS = NO;
				ENABLE_STRICT_OBJC_MSGSEND = YES;
				GCC_C_LANGUAGE_STANDARD = gnu11;
				GCC_NO_COMMON_BLOCKS = YES;
				GCC_WARN_64_TO_32_BIT_CONVERSION = YES;
				GCC_WARN_ABOUT_RETURN_TYPE = YES_ERROR;
				GCC_WARN_UNDECLARED_SELECTOR = YES;
				GCC_WARN_UNINITIALIZED_AUTOS = YES_AGGRESSIVE;
				GCC_WARN_UNUSED_FUNCTION = YES;
				GCC_WARN_UNUSED_VARIABLE = YES;
				IPHONEOS_DEPLOYMENT_TARGET = 11.0;
				MTL_ENABLE_DEBUG_INFO = NO;
				SDKROOT = iphoneos;
				SWIFT_OPTIMIZATION_LEVEL = "-Owholemodule";
				VALIDATE_PRODUCT = YES;
			};
			name = Release;
		};
		C13ACC931F8A933C001232F1 /* Debug */ = {
			isa = XCBuildConfiguration;
			baseConfigurationReference = C0A82EE78D49717434BACC66 /* Pods-SocialMedia.debug.xcconfig */;
			buildSettings = {
				ASSETCATALOG_COMPILER_APPICON_NAME = AppIcon;
				CODE_SIGN_STYLE = Automatic;
				INFOPLIST_FILE = SocialMedia/Info.plist;
				IPHONEOS_DEPLOYMENT_TARGET = 11.0;
				LD_RUNPATH_SEARCH_PATHS = "$(inherited) @executable_path/Frameworks";
				PRODUCT_BUNDLE_IDENTIFIER = com.captsone.SocialMedia;
				PRODUCT_NAME = "$(TARGET_NAME)";
				SWIFT_VERSION = 4.0;
				TARGETED_DEVICE_FAMILY = 1;
			};
			name = Debug;
		};
		C13ACC941F8A933C001232F1 /* Release */ = {
			isa = XCBuildConfiguration;
			baseConfigurationReference = D973A86BDCFD2B038A03CCBD /* Pods-SocialMedia.release.xcconfig */;
			buildSettings = {
				ASSETCATALOG_COMPILER_APPICON_NAME = AppIcon;
				CODE_SIGN_STYLE = Automatic;
				INFOPLIST_FILE = SocialMedia/Info.plist;
				IPHONEOS_DEPLOYMENT_TARGET = 11.0;
				LD_RUNPATH_SEARCH_PATHS = "$(inherited) @executable_path/Frameworks";
				PRODUCT_BUNDLE_IDENTIFIER = com.captsone.SocialMedia;
				PRODUCT_NAME = "$(TARGET_NAME)";
				SWIFT_VERSION = 4.0;
				TARGETED_DEVICE_FAMILY = 1;
			};
			name = Release;
		};
		C13ACC961F8A933C001232F1 /* Debug */ = {
			isa = XCBuildConfiguration;
			baseConfigurationReference = D7F2F417149705B5E9766FD8 /* Pods-SocialMediaTests.debug.xcconfig */;
			buildSettings = {
				ALWAYS_EMBED_SWIFT_STANDARD_LIBRARIES = YES;
				BUNDLE_LOADER = "$(TEST_HOST)";
				CODE_SIGN_STYLE = Automatic;
				INFOPLIST_FILE = SocialMediaTests/Info.plist;
				LD_RUNPATH_SEARCH_PATHS = "$(inherited) @executable_path/Frameworks @loader_path/Frameworks";
				PRODUCT_BUNDLE_IDENTIFIER = com.captsone.SocialMediaTests;
				PRODUCT_NAME = "$(TARGET_NAME)";
				SWIFT_VERSION = 4.0;
				TARGETED_DEVICE_FAMILY = "1,2";
				TEST_HOST = "$(BUILT_PRODUCTS_DIR)/SocialMedia.app/SocialMedia";
			};
			name = Debug;
		};
		C13ACC971F8A933C001232F1 /* Release */ = {
			isa = XCBuildConfiguration;
			baseConfigurationReference = B4E4761C4986CCDAB750B1B5 /* Pods-SocialMediaTests.release.xcconfig */;
			buildSettings = {
				ALWAYS_EMBED_SWIFT_STANDARD_LIBRARIES = YES;
				BUNDLE_LOADER = "$(TEST_HOST)";
				CODE_SIGN_STYLE = Automatic;
				INFOPLIST_FILE = SocialMediaTests/Info.plist;
				LD_RUNPATH_SEARCH_PATHS = "$(inherited) @executable_path/Frameworks @loader_path/Frameworks";
				PRODUCT_BUNDLE_IDENTIFIER = com.captsone.SocialMediaTests;
				PRODUCT_NAME = "$(TARGET_NAME)";
				SWIFT_VERSION = 4.0;
				TARGETED_DEVICE_FAMILY = "1,2";
				TEST_HOST = "$(BUILT_PRODUCTS_DIR)/SocialMedia.app/SocialMedia";
			};
			name = Release;
		};
		C13ACC991F8A933C001232F1 /* Debug */ = {
			isa = XCBuildConfiguration;
			baseConfigurationReference = DD324846165889C66207A41F /* Pods-SocialMediaUITests.debug.xcconfig */;
			buildSettings = {
				ALWAYS_EMBED_SWIFT_STANDARD_LIBRARIES = YES;
				CODE_SIGN_STYLE = Automatic;
				INFOPLIST_FILE = SocialMediaUITests/Info.plist;
				LD_RUNPATH_SEARCH_PATHS = "$(inherited) @executable_path/Frameworks @loader_path/Frameworks";
				PRODUCT_BUNDLE_IDENTIFIER = com.captsone.SocialMediaUITests;
				PRODUCT_NAME = "$(TARGET_NAME)";
				SWIFT_VERSION = 4.0;
				TARGETED_DEVICE_FAMILY = "1,2";
				TEST_TARGET_NAME = SocialMedia;
			};
			name = Debug;
		};
		C13ACC9A1F8A933C001232F1 /* Release */ = {
			isa = XCBuildConfiguration;
			baseConfigurationReference = D8FEDE23F830EDBA7222E514 /* Pods-SocialMediaUITests.release.xcconfig */;
			buildSettings = {
				ALWAYS_EMBED_SWIFT_STANDARD_LIBRARIES = YES;
				CODE_SIGN_STYLE = Automatic;
				INFOPLIST_FILE = SocialMediaUITests/Info.plist;
				LD_RUNPATH_SEARCH_PATHS = "$(inherited) @executable_path/Frameworks @loader_path/Frameworks";
				PRODUCT_BUNDLE_IDENTIFIER = com.captsone.SocialMediaUITests;
				PRODUCT_NAME = "$(TARGET_NAME)";
				SWIFT_VERSION = 4.0;
				TARGETED_DEVICE_FAMILY = "1,2";
				TEST_TARGET_NAME = SocialMedia;
			};
			name = Release;
		};
/* End XCBuildConfiguration section */

/* Begin XCConfigurationList section */
		C13ACC651F8A933C001232F1 /* Build configuration list for PBXProject "SocialMedia" */ = {
			isa = XCConfigurationList;
			buildConfigurations = (
				C13ACC901F8A933C001232F1 /* Debug */,
				C13ACC911F8A933C001232F1 /* Release */,
			);
			defaultConfigurationIsVisible = 0;
			defaultConfigurationName = Release;
		};
		C13ACC921F8A933C001232F1 /* Build configuration list for PBXNativeTarget "SocialMedia" */ = {
			isa = XCConfigurationList;
			buildConfigurations = (
				C13ACC931F8A933C001232F1 /* Debug */,
				C13ACC941F8A933C001232F1 /* Release */,
			);
			defaultConfigurationIsVisible = 0;
			defaultConfigurationName = Release;
		};
		C13ACC951F8A933C001232F1 /* Build configuration list for PBXNativeTarget "SocialMediaTests" */ = {
			isa = XCConfigurationList;
			buildConfigurations = (
				C13ACC961F8A933C001232F1 /* Debug */,
				C13ACC971F8A933C001232F1 /* Release */,
			);
			defaultConfigurationIsVisible = 0;
			defaultConfigurationName = Release;
		};
		C13ACC981F8A933C001232F1 /* Build configuration list for PBXNativeTarget "SocialMediaUITests" */ = {
			isa = XCConfigurationList;
			buildConfigurations = (
				C13ACC991F8A933C001232F1 /* Debug */,
				C13ACC9A1F8A933C001232F1 /* Release */,
			);
			defaultConfigurationIsVisible = 0;
			defaultConfigurationName = Release;
		};
/* End XCConfigurationList section */
	};
	rootObject = C13ACC621F8A933C001232F1 /* Project object */;
}
